
Microsoft Visual Studio Solution File, Format Version 12.00
# Visual Studio 15
VisualStudioVersion = 15.0.27004.2010
MinimumVisualStudioVersion = 10.0.40219.1
Project("{FAE04EC0-301F-11D3-BF4B-00C04F79EFBC}") = "FuncDeserialization", "FuncDeserialization\FuncDeserialization.csproj", "{CD96B7B3-5A86-4542-91BC-4C4DD7CAEC27}"
EndProject
Global
	GlobalSection(SolutionConfigurationPlatforms) = preSolution
		Debug|Any CPU = Debug|Any CPU
		Release|Any CPU = Release|Any CPU
	EndGlobalSection
	GlobalSection(ProjectConfigurationPlatforms) = postSolution
		{CD96B7B3-5A86-4542-91BC-4C4DD7CAEC27}.Debug|Any CPU.ActiveCfg = Debug|Any CPU
		{CD96B7B3-5A86-4542-91BC-4C4DD7CAEC27}.Debug|Any CPU.Build.0 = Debug|Any CPU
		{CD96B7B3-5A86-4542-91BC-4C4DD7CAEC27}.Release|Any CPU.ActiveCfg = Release|Any CPU
		{CD96B7B3-5A86-4542-91BC-4C4DD7CAEC27}.Release|Any CPU.Build.0 = Release|Any CPU
	EndGlobalSection
	GlobalSection(SolutionProperties) = preSolution
		HideSolutionNode = FALSE
	EndGlobalSection
	GlobalSection(ExtensibilityGlobals) = postSolution
		SolutionGuid = {CA31AA95-A235-483A-AEDB-32C3E8600235}
	EndGlobalSection
EndGlobal
